// !$*UTF8*$!
{
	archiveVersion = 1;
	classes = {
	};
	objectVersion = 46;
	objects = {

/* Begin PBXBuildFile section */
		8B2391F41D55908500103B1E /* MassiveObjects.cpp in Sources */ = {isa = PBXBuildFile; fileRef = 8B2391F21D55908500103B1E /* MassiveObjects.cpp */; };
		8B2391F71D56E7F500103B1E /* Universe.cpp in Sources */ = {isa = PBXBuildFile; fileRef = 8B2391F51D56E7F500103B1E /* Universe.cpp */; };
		8B4E07601D46C5E7009EADF1 /* main.cpp in Sources */ = {isa = PBXBuildFile; fileRef = 8B4E075F1D46C5E7009EADF1 /* main.cpp */; };
		8B4E07691D46C701009EADF1 /* Planets.cpp in Sources */ = {isa = PBXBuildFile; fileRef = 8B4E07671D46C701009EADF1 /* Planets.cpp */; };
		8B60C9E91D4DAFA5002888DF /* Stars.cpp in Sources */ = {isa = PBXBuildFile; fileRef = 8B60C9E71D4DAFA5002888DF /* Stars.cpp */; };
		8B60C9EC1D4DB224002888DF /* SpaceObjects.cpp in Sources */ = {isa = PBXBuildFile; fileRef = 8B60C9EA1D4DB224002888DF /* SpaceObjects.cpp */; };
		8B60C9EF1D4E597F002888DF /* StarSystemObjects.cpp in Sources */ = {isa = PBXBuildFile; fileRef = 8B60C9ED1D4E597F002888DF /* StarSystemObjects.cpp */; };
		8BEC20601D4CEB5000BA001E /* Moons.cpp in Sources */ = {isa = PBXBuildFile; fileRef = 8BEC205E1D4CEB5000BA001E /* Moons.cpp */; };
/* End PBXBuildFile section */

/* Begin PBXCopyFilesBuildPhase section */
		8B4E075A1D46C5E7009EADF1 /* CopyFiles */ = {
			isa = PBXCopyFilesBuildPhase;
			buildActionMask = 2147483647;
			dstPath = /usr/share/man/man1/;
			dstSubfolderSpec = 0;
			files = (
			);
			runOnlyForDeploymentPostprocessing = 1;
		};
/* End PBXCopyFilesBuildPhase section */

/* Begin PBXFileReference section */
		8B2391F21D55908500103B1E /* MassiveObjects.cpp */ = {isa = PBXFileReference; fileEncoding = 4; lastKnownFileType = sourcecode.cpp.cpp; path = MassiveObjects.cpp; sourceTree = "<group>"; };
		8B2391F31D55908500103B1E /* MassiveObjects.hpp */ = {isa = PBXFileReference; fileEncoding = 4; lastKnownFileType = sourcecode.cpp.h; path = MassiveObjects.hpp; sourceTree = "<group>"; };
		8B2391F51D56E7F500103B1E /* Universe.cpp */ = {isa = PBXFileReference; fileEncoding = 4; lastKnownFileType = sourcecode.cpp.cpp; path = Universe.cpp; sourceTree = "<group>"; };
		8B2391F61D56E7F500103B1E /* Universe.hpp */ = {isa = PBXFileReference; fileEncoding = 4; lastKnownFileType = sourcecode.cpp.h; path = Universe.hpp; sourceTree = "<group>"; };
		8B4E075C1D46C5E7009EADF1 /* Space-Simulator */ = {isa = PBXFileReference; explicitFileType = "compiled.mach-o.executable"; includeInIndex = 0; path = "Space-Simulator"; sourceTree = BUILT_PRODUCTS_DIR; };
		8B4E075F1D46C5E7009EADF1 /* main.cpp */ = {isa = PBXFileReference; lastKnownFileType = sourcecode.cpp.cpp; path = main.cpp; sourceTree = "<group>"; };
		8B4E07661D46C5F3009EADF1 /* simulation.py */ = {isa = PBXFileReference; fileEncoding = 4; lastKnownFileType = text.script.python; path = simulation.py; sourceTree = "<group>"; };
		8B4E07671D46C701009EADF1 /* Planets.cpp */ = {isa = PBXFileReference; fileEncoding = 4; lastKnownFileType = sourcecode.cpp.cpp; path = Planets.cpp; sourceTree = "<group>"; };
		8B4E07681D46C701009EADF1 /* Planets.hpp */ = {isa = PBXFileReference; fileEncoding = 4; lastKnownFileType = sourcecode.cpp.h; path = Planets.hpp; sourceTree = "<group>"; };
		8B60C9E71D4DAFA5002888DF /* Stars.cpp */ = {isa = PBXFileReference; fileEncoding = 4; lastKnownFileType = sourcecode.cpp.cpp; path = Stars.cpp; sourceTree = "<group>"; };
		8B60C9E81D4DAFA5002888DF /* Stars.hpp */ = {isa = PBXFileReference; fileEncoding = 4; lastKnownFileType = sourcecode.cpp.h; path = Stars.hpp; sourceTree = "<group>"; };
		8B60C9EA1D4DB224002888DF /* SpaceObjects.cpp */ = {isa = PBXFileReference; fileEncoding = 4; lastKnownFileType = sourcecode.cpp.cpp; path = SpaceObjects.cpp; sourceTree = "<group>"; };
		8B60C9EB1D4DB224002888DF /* SpaceObjects.hpp */ = {isa = PBXFileReference; fileEncoding = 4; lastKnownFileType = sourcecode.cpp.h; path = SpaceObjects.hpp; sourceTree = "<group>"; };
		8B60C9ED1D4E597F002888DF /* StarSystemObjects.cpp */ = {isa = PBXFileReference; fileEncoding = 4; lastKnownFileType = sourcecode.cpp.cpp; path = StarSystemObjects.cpp; sourceTree = "<group>"; };
		8B60C9EE1D4E597F002888DF /* StarSystemObjects.hpp */ = {isa = PBXFileReference; fileEncoding = 4; lastKnownFileType = sourcecode.cpp.h; path = StarSystemObjects.hpp; sourceTree = "<group>"; };
		8BEC205E1D4CEB5000BA001E /* Moons.cpp */ = {isa = PBXFileReference; fileEncoding = 4; lastKnownFileType = sourcecode.cpp.cpp; path = Moons.cpp; sourceTree = "<group>"; };
		8BEC205F1D4CEB5000BA001E /* Moons.hpp */ = {isa = PBXFileReference; fileEncoding = 4; lastKnownFileType = sourcecode.cpp.h; path = Moons.hpp; sourceTree = "<group>"; };
/* End PBXFileReference section */

/* Begin PBXFrameworksBuildPhase section */
		8B4E07591D46C5E7009EADF1 /* Frameworks */ = {
			isa = PBXFrameworksBuildPhase;
			buildActionMask = 2147483647;
			files = (
			);
			runOnlyForDeploymentPostprocessing = 0;
		};
/* End PBXFrameworksBuildPhase section */

/* Begin PBXGroup section */
		8B4E07531D46C5E7009EADF1 = {
			isa = PBXGroup;
			children = (
				8B4E075E1D46C5E7009EADF1 /* Space-Simulator */,
				8B4E075D1D46C5E7009EADF1 /* Products */,
			);
			sourceTree = "<group>";
		};
		8B4E075D1D46C5E7009EADF1 /* Products */ = {
			isa = PBXGroup;
			children = (
				8B4E075C1D46C5E7009EADF1 /* Space-Simulator */,
			);
			name = Products;
			sourceTree = "<group>";
		};
		8B4E075E1D46C5E7009EADF1 /* Space-Simulator */ = {
			isa = PBXGroup;
			children = (
				8B4E075F1D46C5E7009EADF1 /* main.cpp */,
				8B4E07661D46C5F3009EADF1 /* simulation.py */,
				8B4E07671D46C701009EADF1 /* Planets.cpp */,
				8B4E07681D46C701009EADF1 /* Planets.hpp */,
				8BEC205E1D4CEB5000BA001E /* Moons.cpp */,
				8BEC205F1D4CEB5000BA001E /* Moons.hpp */,
				8B60C9E71D4DAFA5002888DF /* Stars.cpp */,
				8B60C9E81D4DAFA5002888DF /* Stars.hpp */,
				8B60C9EA1D4DB224002888DF /* SpaceObjects.cpp */,
				8B60C9EB1D4DB224002888DF /* SpaceObjects.hpp */,
				8B60C9ED1D4E597F002888DF /* StarSystemObjects.cpp */,
				8B60C9EE1D4E597F002888DF /* StarSystemObjects.hpp */,
				8B2391F21D55908500103B1E /* MassiveObjects.cpp */,
				8B2391F31D55908500103B1E /* MassiveObjects.hpp */,
				8B2391F51D56E7F500103B1E /* Universe.cpp */,
				8B2391F61D56E7F500103B1E /* Universe.hpp */,
			);
			path = "Space-Simulator";
			sourceTree = "<group>";
		};
/* End PBXGroup section */

/* Begin PBXNativeTarget section */
		8B4E075B1D46C5E7009EADF1 /* Space-Simulator */ = {
			isa = PBXNativeTarget;
			buildConfigurationList = 8B4E07631D46C5E7009EADF1 /* Build configuration list for PBXNativeTarget "Space-Simulator" */;
			buildPhases = (
				8B4E07581D46C5E7009EADF1 /* Sources */,
				8B4E07591D46C5E7009EADF1 /* Frameworks */,
				8B4E075A1D46C5E7009EADF1 /* CopyFiles */,
			);
			buildRules = (
			);
			dependencies = (
			);
			name = "Space-Simulator";
			productName = "Space-Simulator";
			productReference = 8B4E075C1D46C5E7009EADF1 /* Space-Simulator */;
			productType = "com.apple.product-type.tool";
		};
/* End PBXNativeTarget section */

/* Begin PBXProject section */
		8B4E07541D46C5E7009EADF1 /* Project object */ = {
			isa = PBXProject;
			attributes = {
				LastUpgradeCheck = 0720;
				ORGANIZATIONNAME = "Brett James Duncan";
				TargetAttributes = {
					8B4E075B1D46C5E7009EADF1 = {
						CreatedOnToolsVersion = 7.2.1;
					};
				};
			};
			buildConfigurationList = 8B4E07571D46C5E7009EADF1 /* Build configuration list for PBXProject "Space-Simulator" */;
			compatibilityVersion = "Xcode 3.2";
			developmentRegion = English;
			hasScannedForEncodings = 0;
			knownRegions = (
				en,
			);
			mainGroup = 8B4E07531D46C5E7009EADF1;
			productRefGroup = 8B4E075D1D46C5E7009EADF1 /* Products */;
			projectDirPath = "";
			projectRoot = "";
			targets = (
				8B4E075B1D46C5E7009EADF1 /* Space-Simulator */,
			);
		};
/* End PBXProject section */

/* Begin PBXSourcesBuildPhase section */
		8B4E07581D46C5E7009EADF1 /* Sources */ = {
			isa = PBXSourcesBuildPhase;
			buildActionMask = 2147483647;
			files = (
				8BEC20601D4CEB5000BA001E /* Moons.cpp in Sources */,
				8B2391F41D55908500103B1E /* MassiveObjects.cpp in Sources */,
				8B60C9EC1D4DB224002888DF /* SpaceObjects.cpp in Sources */,
				8B4E07601D46C5E7009EADF1 /* main.cpp in Sources */,
				8B4E07691D46C701009EADF1 /* Planets.cpp in Sources */,
				8B60C9E91D4DAFA5002888DF /* Stars.cpp in Sources */,
				8B2391F71D56E7F500103B1E /* Universe.cpp in Sources */,
				8B60C9EF1D4E597F002888DF /* StarSystemObjects.cpp in Sources */,
			);
			runOnlyForDeploymentPostprocessing = 0;
		};
/* End PBXSourcesBuildPhase section */

/* Begin XCBuildConfiguration section */
		8B4E07611D46C5E7009EADF1 /* Debug */ = {
			isa = XCBuildConfiguration;
			buildSettings = {
				ALWAYS_SEARCH_USER_PATHS = NO;
				CLANG_CXX_LANGUAGE_STANDARD = "gnu++0x";
				CLANG_CXX_LIBRARY = "libc++";
				CLANG_ENABLE_MODULES = YES;
				CLANG_ENABLE_OBJC_ARC = YES;
				CLANG_WARN_BOOL_CONVERSION = YES;
				CLANG_WARN_CONSTANT_CONVERSION = YES;
				CLANG_WARN_DIRECT_OBJC_ISA_USAGE = YES_ERROR;
				CLANG_WARN_EMPTY_BODY = YES;
				CLANG_WARN_ENUM_CONVERSION = YES;
				CLANG_WARN_INT_CONVERSION = YES;
				CLANG_WARN_OBJC_ROOT_CLASS = YES_ERROR;
				CLANG_WARN_UNREACHABLE_CODE = YES;
				CLANG_WARN__DUPLICATE_METHOD_MATCH = YES;
				CODE_SIGN_IDENTITY = "-";
				COPY_PHASE_STRIP = NO;
				DEBUG_INFORMATION_FORMAT = dwarf;
				ENABLE_STRICT_OBJC_MSGSEND = YES;
				ENABLE_TESTABILITY = YES;
				GCC_C_LANGUAGE_STANDARD = gnu99;
				GCC_DYNAMIC_NO_PIC = NO;
				GCC_NO_COMMON_BLOCKS = YES;
				GCC_OPTIMIZATION_LEVEL = 0;
				GCC_PREPROCESSOR_DEFINITIONS = (
					"DEBUG=1",
					"$(inherited)",
				);
				GCC_WARN_64_TO_32_BIT_CONVERSION = YES;
				GCC_WARN_ABOUT_RETURN_TYPE = YES_ERROR;
				GCC_WARN_UNDECLARED_SELECTOR = YES;
				GCC_WARN_UNINITIALIZED_AUTOS = YES_AGGRESSIVE;
				GCC_WARN_UNUSED_FUNCTION = YES;
				GCC_WARN_UNUSED_VARIABLE = YES;
				MACOSX_DEPLOYMENT_TARGET = 10.11;
				MTL_ENABLE_DEBUG_INFO = YES;
				ONLY_ACTIVE_ARCH = YES;
				SDKROOT = macosx;
			};
			name = Debug;
		};
		8B4E07621D46C5E7009EADF1 /* Release */ = {
			isa = XCBuildConfiguration;
			buildSettings = {
				ALWAYS_SEARCH_USER_PATHS = NO;
				CLANG_CXX_LANGUAGE_STANDARD = "gnu++0x";
				CLANG_CXX_LIBRARY = "libc++";
				CLANG_ENABLE_MODULES = YES;
				CLANG_ENABLE_OBJC_ARC = YES;
				CLANG_WARN_BOOL_CONVERSION = YES;
				CLANG_WARN_CONSTANT_CONVERSION = YES;
				CLANG_WARN_DIRECT_OBJC_ISA_USAGE = YES_ERROR;
				CLANG_WARN_EMPTY_BODY = YES;
				CLANG_WARN_ENUM_CONVERSION = YES;
				CLANG_WARN_INT_CONVERSION = YES;
				CLANG_WARN_OBJC_ROOT_CLASS = YES_ERROR;
				CLANG_WARN_UNREACHABLE_CODE = YES;
				CLANG_WARN__DUPLICATE_METHOD_MATCH = YES;
				CODE_SIGN_IDENTITY = "-";
				COPY_PHASE_STRIP = NO;
				DEBUG_INFORMATION_FORMAT = "dwarf-with-dsym";
				ENABLE_NS_ASSERTIONS = NO;
				ENABLE_STRICT_OBJC_MSGSEND = YES;
				GCC_C_LANGUAGE_STANDARD = gnu99;
				GCC_NO_COMMON_BLOCKS = YES;
				GCC_WARN_64_TO_32_BIT_CONVERSION = YES;
				GCC_WARN_ABOUT_RETURN_TYPE = YES_ERROR;
				GCC_WARN_UNDECLARED_SELECTOR = YES;
				GCC_WARN_UNINITIALIZED_AUTOS = YES_AGGRESSIVE;
				GCC_WARN_UNUSED_FUNCTION = YES;
				GCC_WARN_UNUSED_VARIABLE = YES;
				MACOSX_DEPLOYMENT_TARGET = 10.11;
				MTL_ENABLE_DEBUG_INFO = NO;
				SDKROOT = macosx;
			};
			name = Release;
		};
		8B4E07641D46C5E7009EADF1 /* Debug */ = {
			isa = XCBuildConfiguration;
			buildSettings = {
				PRODUCT_NAME = "$(TARGET_NAME)";
			};
			name = Debug;
		};
		8B4E07651D46C5E7009EADF1 /* Release */ = {
			isa = XCBuildConfiguration;
			buildSettings = {
				PRODUCT_NAME = "$(TARGET_NAME)";
			};
			name = Release;
		};
/* End XCBuildConfiguration section */

/* Begin XCConfigurationList section */
		8B4E07571D46C5E7009EADF1 /* Build configuration list for PBXProject "Space-Simulator" */ = {
			isa = XCConfigurationList;
			buildConfigurations = (
				8B4E07611D46C5E7009EADF1 /* Debug */,
				8B4E07621D46C5E7009EADF1 /* Release */,
			);
			defaultConfigurationIsVisible = 0;
			defaultConfigurationName = Release;
		};
		8B4E07631D46C5E7009EADF1 /* Build configuration list for PBXNativeTarget "Space-Simulator" */ = {
			isa = XCConfigurationList;
			buildConfigurations = (
				8B4E07641D46C5E7009EADF1 /* Debug */,
				8B4E07651D46C5E7009EADF1 /* Release */,
			);
			defaultConfigurationIsVisible = 0;
			defaultConfigurationName = Release;
		};
/* End XCConfigurationList section */
	};
	rootObject = 8B4E07541D46C5E7009EADF1 /* Project object */;
}
